{
  "name": "jaydata-promise-handler",
  "version": "0.1.0",
  "lockfileVersion": 1,
  "requires": true,
  "dependencies": {
    "@types/extend": {
      "version": "2.0.30",
      "resolved": "https://registry.npmjs.org/@types/extend/-/extend-2.0.30.tgz",
      "integrity": "sha1-WMyT9iHQo1jT/sm9bnObxg7H4nU="
    },
    "extend": {
      "version": "3.0.1",
      "resolved": "https://registry.npmjs.org/extend/-/extend-3.0.1.tgz",
      "integrity": "sha1-p1Xqe8Gt/MWjHOfnYtuq3F5jZEQ="
    },
    "jaydata-error-handler": {
      "version": "0.0.1",
      "resolved": "https://registry.npmjs.org/jaydata-error-handler/-/jaydata-error-handler-0.0.1.tgz",
      "integrity": "sha1-U5J0Zso6Sd9LKG3G85wCHjsx/mA="
    }
  }
}
